<?xml version="1.0" encoding="utf-8"?>
<Project ToolsVersion="4.0" xmlns="http://schemas.microsoft.com/developer/msbuild/2003">
  <ItemGroup>
    <Filter Include="ソース ファイル">
      <UniqueIdentifier>{4FC737F1-C7A5-4376-A066-2A32D752A2FF}</UniqueIdentifier>
      <Extensions>cpp;c;cc;cxx;c++;cppm;ixx;def;odl;idl;hpj;bat;asm;asmx</Extensions>
    </Filter>
    <Filter Include="ヘッダー ファイル">
      <UniqueIdentifier>{93995380-89BD-4b04-88EB-625FBE52EBFB}</UniqueIdentifier>
      <Extensions>h;hh;hpp;hxx;h++;hm;inl;inc;ipp;xsd</Extensions>
    </Filter>
    <Filter Include="リソース ファイル">
      <UniqueIdentifier>{67DA6AB6-F800-4c08-8B7A-83BB121AAD01}</UniqueIdentifier>
      <Extensions>rc;ico;cur;bmp;dlg;rc2;rct;bin;rgs;gif;jpg;jpeg;jpe;resx;tiff;tif;png;wav;mfcribbon-ms</Extensions>
    </Filter>
    <Filter Include="CLEYERA">
      <UniqueIdentifier>{446523e0-e58e-4274-9c74-35257162c1ec}</UniqueIdentifier>
    </Filter>
    <Filter Include="CLEYERA\Camera">
      <UniqueIdentifier>{8c23a606-988b-4d31-9479-a27d0759e5c5}</UniqueIdentifier>
    </Filter>
    <Filter Include="CLEYERA\Setup">
      <UniqueIdentifier>{93cb7445-1e5b-46f6-a7f6-049bcff2f3f7}</UniqueIdentifier>
    </Filter>
    <Filter Include="CLEYERA\Setup\DX">
      <UniqueIdentifier>{b1aab62f-e7e8-4ecf-860d-280adb8228f4}</UniqueIdentifier>
    </Filter>
    <Filter Include="CLEYERA\Setup\Win">
      <UniqueIdentifier>{39c57927-aa79-4097-988b-60fd23a1be39}</UniqueIdentifier>
    </Filter>
    <Filter Include="CLEYERA\ImGui">
      <UniqueIdentifier>{d325fd8b-14d4-4b2d-b0e3-f40cabbce36e}</UniqueIdentifier>
    </Filter>
    <Filter Include="CLEYERA\ImGui\ex">
      <UniqueIdentifier>{82ff4388-4b83-4217-ba48-4d00f156cfb6}</UniqueIdentifier>
    </Filter>
    <Filter Include="Scene">
      <UniqueIdentifier>{28f70f20-eacb-402f-a231-7459c8656289}</UniqueIdentifier>
    </Filter>
    <Filter Include="Game">
      <UniqueIdentifier>{a17759c4-8826-4e5d-9703-85ae3d802c23}</UniqueIdentifier>
    </Filter>
    <Filter Include="CLEYERA\Log">
      <UniqueIdentifier>{80cd8ea6-4d72-4e30-885b-4e4b620ca1e1}</UniqueIdentifier>
    </Filter>
    <Filter Include="CLEYERA\Model">
      <UniqueIdentifier>{fa99d79d-a14c-4589-8a92-0f306b7538c7}</UniqueIdentifier>
    </Filter>
    <Filter Include="CLEYERA\Vector">
      <UniqueIdentifier>{279d0da5-0caa-4f10-aab6-f292d94034be}</UniqueIdentifier>
    </Filter>
    <Filter Include="Shader">
      <UniqueIdentifier>{60c478d6-b109-4a08-af34-c15b1c1c41bb}</UniqueIdentifier>
    </Filter>
    <Filter Include="Scene\EngineDebug">
      <UniqueIdentifier>{bccf3984-4e0d-4553-89eb-9de357268fd6}</UniqueIdentifier>
    </Filter>
    <Filter Include="CLEYERA\input">
      <UniqueIdentifier>{acb28bdb-e2f4-471d-a2c9-618342a99f5b}</UniqueIdentifier>
    </Filter>
    <Filter Include="CLEYERA\Matrix">
      <UniqueIdentifier>{023b15d3-cd23-487b-98e7-3b08a745bc7b}</UniqueIdentifier>
    </Filter>
    <Filter Include="CLEYERA\TexManager">
      <UniqueIdentifier>{0c422894-2a8e-4cba-91e6-44e91275a940}</UniqueIdentifier>
    </Filter>
    <Filter Include="Scene\Title">
      <UniqueIdentifier>{126e8420-b3c5-4516-b090-4f4f308a0c52}</UniqueIdentifier>
    </Filter>
    <Filter Include="CLEYERA\config">
      <UniqueIdentifier>{99e9f466-6500-409d-ab44-7e6040484eef}</UniqueIdentifier>
    </Filter>
    <Filter Include="Game\WorldTransform">
      <UniqueIdentifier>{9a9b8cca-2e5a-475f-982b-84875dca5385}</UniqueIdentifier>
    </Filter>
  </ItemGroup>
  <ItemGroup>
    <ClCompile Include="main.cpp">
      <Filter>ソース ファイル</Filter>
    </ClCompile>
    <ClCompile Include="CLEYERA\Camera\Camera.cpp">
      <Filter>CLEYERA\Camera</Filter>
    </ClCompile>
    <ClCompile Include="CLEYERA\CLEYERA.cpp">
      <Filter>CLEYERA</Filter>
    </ClCompile>
    <ClCompile Include="CLEYERA\DX\DirectXSetup.cpp">
      <Filter>CLEYERA\Setup\DX</Filter>
    </ClCompile>
    <ClCompile Include="CLEYERA\Win\WinApp.cpp">
      <Filter>CLEYERA\Setup\Win</Filter>
    </ClCompile>
    <ClCompile Include="CLEYERA\externals\imgui\imgui.cpp">
      <Filter>CLEYERA\ImGui\ex</Filter>
    </ClCompile>
    <ClCompile Include="CLEYERA\externals\imgui\imgui_demo.cpp">
      <Filter>CLEYERA\ImGui\ex</Filter>
    </ClCompile>
    <ClCompile Include="CLEYERA\externals\imgui\imgui_draw.cpp">
      <Filter>CLEYERA\ImGui\ex</Filter>
    </ClCompile>
    <ClCompile Include="CLEYERA\externals\imgui\imgui_impl_dx12.cpp">
      <Filter>CLEYERA\ImGui\ex</Filter>
    </ClCompile>
    <ClCompile Include="CLEYERA\externals\imgui\imgui_impl_win32.cpp">
      <Filter>CLEYERA\ImGui\ex</Filter>
    </ClCompile>
    <ClCompile Include="CLEYERA\externals\imgui\imgui_tables.cpp">
      <Filter>CLEYERA\ImGui\ex</Filter>
    </ClCompile>
    <ClCompile Include="CLEYERA\externals\imgui\imgui_widgets.cpp">
      <Filter>CLEYERA\ImGui\ex</Filter>
    </ClCompile>
    <ClCompile Include="CLEYERA\ImGui\ImGuiManager.cpp">
      <Filter>CLEYERA\ImGui</Filter>
    </ClCompile>
    <ClCompile Include="CLEYERA\LogManager\Log.cpp">
      <Filter>CLEYERA\Log</Filter>
    </ClCompile>
    <ClCompile Include="CLEYERA\Models\Model.cpp">
      <Filter>CLEYERA\Model</Filter>
    </ClCompile>
    <ClCompile Include="CLEYERA\Vector\VectorTransform.cpp">
      <Filter>CLEYERA\Vector</Filter>
    </ClCompile>
    <ClCompile Include="scene\EngineDebug\EnegineDebug.cpp">
      <Filter>Scene\EngineDebug</Filter>
    </ClCompile>
    <ClCompile Include="CLEYERA\input\Input.cpp">
      <Filter>CLEYERA\input</Filter>
    </ClCompile>
    <ClCompile Include="CLEYERA\Matrix\MatrixTransform.cpp">
      <Filter>CLEYERA\Matrix</Filter>
    </ClCompile>
    <ClCompile Include="CLEYERA\TexManager\TexManager.cpp">
      <Filter>CLEYERA\TexManager</Filter>
    </ClCompile>
    <ClCompile Include="scene\Title\Title.cpp">
      <Filter>Scene\Title</Filter>
    </ClCompile>
    <ClCompile Include="scene\GameBase\GameBase.cpp">
      <Filter>Game</Filter>
    </ClCompile>
    <ClCompile Include="CLEYERA\WorldTransform\worldTransform.cpp">
      <Filter>Game\WorldTransform</Filter>
    </ClCompile>
    <ClCompile Include="scene\GameSceneManager\GameSceneManager.cpp">
      <Filter>Game</Filter>
    </ClCompile>
  </ItemGroup>
  <ItemGroup>
    <ClInclude Include="CLEYERA\Camera\Camera.h">
      <Filter>CLEYERA\Camera</Filter>
    </ClInclude>
    <ClInclude Include="CLEYERA\CLEYERA.h">
      <Filter>CLEYERA</Filter>
    </ClInclude>
    <ClInclude Include="CLEYERA\DX\DirectXSetup.h">
      <Filter>CLEYERA\Setup\DX</Filter>
    </ClInclude>
    <ClInclude Include="CLEYERA\Win\WinApp.h">
      <Filter>CLEYERA\Setup\Win</Filter>
    </ClInclude>
    <ClInclude Include="CLEYERA\externals\imgui\imgui.h">
      <Filter>CLEYERA\ImGui\ex</Filter>
    </ClInclude>
    <ClInclude Include="CLEYERA\externals\imgui\imgui_impl_dx12.h">
      <Filter>CLEYERA\ImGui\ex</Filter>
    </ClInclude>
    <ClInclude Include="CLEYERA\externals\imgui\imgui_impl_win32.h">
      <Filter>CLEYERA\ImGui\ex</Filter>
    </ClInclude>
    <ClInclude Include="CLEYERA\externals\imgui\imgui_internal.h">
      <Filter>CLEYERA\ImGui\ex</Filter>
    </ClInclude>
    <ClInclude Include="CLEYERA\externals\imgui\imstb_rectpack.h">
      <Filter>CLEYERA\ImGui\ex</Filter>
    </ClInclude>
    <ClInclude Include="CLEYERA\externals\imgui\imconfig.h">
      <Filter>CLEYERA\ImGui\ex</Filter>
    </ClInclude>
    <ClInclude Include="CLEYERA\externals\imgui\imstb_truetype.h">
      <Filter>CLEYERA\ImGui\ex</Filter>
    </ClInclude>
    <ClInclude Include="CLEYERA\externals\imgui\imstb_textedit.h">
      <Filter>CLEYERA\ImGui\ex</Filter>
    </ClInclude>
    <ClInclude Include="CLEYERA\ImGui\ImGuiManager.h">
      <Filter>CLEYERA\ImGui</Filter>
    </ClInclude>
    <ClInclude Include="CLEYERA\LogManager\Log.h">
      <Filter>CLEYERA\Log</Filter>
    </ClInclude>
    <ClInclude Include="CLEYERA\Models\Model.h">
      <Filter>CLEYERA\Model</Filter>
    </ClInclude>
    <ClInclude Include="CLEYERA\Vector\Vector2.h">
      <Filter>CLEYERA\Vector</Filter>
    </ClInclude>
    <ClInclude Include="CLEYERA\Vector\Vector3.h">
      <Filter>CLEYERA\Vector</Filter>
    </ClInclude>
    <ClInclude Include="CLEYERA\Vector\Vector4.h">
      <Filter>CLEYERA\Vector</Filter>
    </ClInclude>
    <ClInclude Include="CLEYERA\Vector\VectorTransform.h">
      <Filter>CLEYERA\Vector</Filter>
    </ClInclude>
    <ClInclude Include="scene\EngineDebug\EngineDebug.h">
      <Filter>Scene\EngineDebug</Filter>
    </ClInclude>
    <ClInclude Include="CLEYERA\input\Input.h">
      <Filter>CLEYERA\input</Filter>
    </ClInclude>
    <ClInclude Include="CLEYERA\Matrix\Matrix2x2.h">
      <Filter>CLEYERA\Matrix</Filter>
    </ClInclude>
    <ClInclude Include="CLEYERA\Matrix\Matrix4x4.h">
      <Filter>CLEYERA\Matrix</Filter>
    </ClInclude>
    <ClInclude Include="CLEYERA\Matrix\Matrix3x3.h">
      <Filter>CLEYERA\Matrix</Filter>
    </ClInclude>
    <ClInclude Include="CLEYERA\Matrix\MatrixTransform.h">
      <Filter>CLEYERA\Matrix</Filter>
    </ClInclude>
    <ClInclude Include="CLEYERA\TexManager\TexManager.h">
      <Filter>CLEYERA\TexManager</Filter>
    </ClInclude>
    <ClInclude Include="scene\Title\Title.h">
      <Filter>Scene\Title</Filter>
    </ClInclude>
    <ClInclude Include="scene\GameBase\GameBase.h">
      <Filter>Game</Filter>
    </ClInclude>
    <ClInclude Include="CLEYERA\WorldTransform\WorldTransform.h">
      <Filter>Game\WorldTransform</Filter>
    </ClInclude>
    <ClInclude Include="scene\GameSceneManager\GameSceneManager.h">
      <Filter>Game</Filter>
    </ClInclude>
  </ItemGroup>
  <ItemGroup>
    <FxCompile Include="Shader\SpriteObject3d.VS.hlsl">
      <Filter>Shader</Filter>
    </FxCompile>
    <FxCompile Include="Shader\SpriteObject3d.PS.hlsl">
      <Filter>Shader</Filter>
    </FxCompile>
    <FxCompile Include="Shader\ShapeObject3d.VS.hlsl">
      <Filter>Shader</Filter>
    </FxCompile>
    <FxCompile Include="Shader\ShapeObject3d.PS.hlsl">
      <Filter>Shader</Filter>
    </FxCompile>
  </ItemGroup>
  <ItemGroup>
    <None Include="Shader\SpriteObject3d.hlsli">
      <Filter>Shader</Filter>
    </None>
    <None Include="CLEYERA\config\.editorconfig">
      <Filter>CLEYERA\config</Filter>
    </None>
  </ItemGroup>
  <ItemGroup>
    <Text Include="CLEYERA\externals\imgui\LICENSE.txt">
      <Filter>CLEYERA\ImGui\ex</Filter>
    </Text>
  </ItemGroup>
</Project>