<?xml version="1.0" encoding="utf-8"?>
<Project ToolsVersion="4.0" xmlns="http://schemas.microsoft.com/developer/msbuild/2003">
  <ItemGroup>
    <Filter Include="リソース ファイル">
      <UniqueIdentifier>{67DA6AB6-F800-4c08-8B7A-83BB121AAD01}</UniqueIdentifier>
      <Extensions>rc;ico;cur;bmp;dlg;rc2;rct;bin;rgs;gif;jpg;jpeg;jpe;resx;tiff;tif;png;wav;mfcribbon-ms</Extensions>
    </Filter>
  </ItemGroup>
  <ItemGroup>
    <FxCompile Include="Shader\Object3d.PS.hlsl" />
    <FxCompile Include="Shader\Object3d.VS.hlsl" />
  </ItemGroup>
  <ItemGroup>
    <None Include="..\DirectX12_Class_02\.editorconfig">
      <Filter>リソース ファイル</Filter>
    </None>
  </ItemGroup>
  <ItemGroup>
    <ClInclude Include="CLEYERA\Vector\Vector2.h" />
    <ClInclude Include="CLEYERA\Vector\Vector3.h" />
    <ClInclude Include="CLEYERA\Vector\Vector4.h" />
    <ClInclude Include="CLEYERA\Setup\Win\WinSetup.h" />
    <ClInclude Include="CLEYERA\Setup\DX\DirectXSetup.h" />
    <ClInclude Include="CLEYERA\Matrix\Matrix2x2.h" />
    <ClInclude Include="CLEYERA\Matrix\Matrix3x3.h" />
    <ClInclude Include="CLEYERA\Matrix\Matrix4x4.h" />
    <ClInclude Include="CLEYERA\Matrix\MatrixTransform.h" />
    <ClInclude Include="CLEYERA\Models\Model.h" />
    <ClInclude Include="CLEYERA\CLEYERA.h" />
  </ItemGroup>
  <ItemGroup>
    <ClCompile Include="CLEYERA\Setup\Win\WinSetup.cpp" />
    <ClCompile Include="CLEYERA\Setup\DX\DirectXSetup.cpp" />
    <ClCompile Include="CLEYERA\Matrix\MatrixTransform.cpp" />
    <ClCompile Include="CLEYERA\Models\Model.cpp" />
    <ClCompile Include="main.cpp" />
    <ClCompile Include="CLEYERA\CLEYERA.cpp" />
  </ItemGroup>
</Project>